# This file is automatically @generated by Cargo.
# It is not intended for manual editing.
[[package]]
name = "aho-corasick"
version = "0.7.8"
source = "registry+https://mirrors.ustc.edu.cn/crates.io-index/"
dependencies = [
 "memchr 2.3.2 (registry+https://mirrors.ustc.edu.cn/crates.io-index/)",
]

[[package]]
name = "fuchsia-cprng"
version = "0.1.1"
source = "registry+https://mirrors.ustc.edu.cn/crates.io-index/"

[[package]]
name = "jz_offer"
version = "0.1.0"
dependencies = [
 "lazy_static 1.4.0 (registry+https://mirrors.ustc.edu.cn/crates.io-index/)",
 "parking_lot 0.3.8 (registry+https://mirrors.ustc.edu.cn/crates.io-index/)",
 "regex 1.3.4 (registry+https://mirrors.ustc.edu.cn/crates.io-index/)",
]

[[package]]
name = "lazy_static"
version = "1.4.0"
source = "registry+https://mirrors.ustc.edu.cn/crates.io-index/"

[[package]]
name = "libc"
version = "0.2.66"
source = "registry+https://mirrors.ustc.edu.cn/crates.io-index/"

[[package]]
name = "maybe-uninit"
version = "2.0.0"
source = "registry+https://mirrors.ustc.edu.cn/crates.io-index/"

[[package]]
name = "memchr"
version = "2.3.2"
source = "registry+https://mirrors.ustc.edu.cn/crates.io-index/"

[[package]]
name = "owning_ref"
version = "0.2.4"
source = "registry+https://mirrors.ustc.edu.cn/crates.io-index/"

[[package]]
name = "parking_lot"
version = "0.3.8"
source = "registry+https://mirrors.ustc.edu.cn/crates.io-index/"
dependencies = [
 "owning_ref 0.2.4 (registry+https://mirrors.ustc.edu.cn/crates.io-index/)",
 "parking_lot_core 0.2.14 (registry+https://mirrors.ustc.edu.cn/crates.io-index/)",
 "thread-id 3.3.0 (registry+https://mirrors.ustc.edu.cn/crates.io-index/)",
]

[[package]]
name = "parking_lot_core"
version = "0.2.14"
source = "registry+https://mirrors.ustc.edu.cn/crates.io-index/"
dependencies = [
 "libc 0.2.66 (registry+https://mirrors.ustc.edu.cn/crates.io-index/)",
 "rand 0.4.6 (registry+https://mirrors.ustc.edu.cn/crates.io-index/)",
 "smallvec 0.6.13 (registry+https://mirrors.ustc.edu.cn/crates.io-index/)",
 "winapi 0.3.8 (registry+https://mirrors.ustc.edu.cn/crates.io-index/)",
]

[[package]]
name = "rand"
version = "0.4.6"
source = "registry+https://mirrors.ustc.edu.cn/crates.io-index/"
dependencies = [
 "fuchsia-cprng 0.1.1 (registry+https://mirrors.ustc.edu.cn/crates.io-index/)",
 "libc 0.2.66 (registry+https://mirrors.ustc.edu.cn/crates.io-index/)",
 "rand_core 0.3.1 (registry+https://mirrors.ustc.edu.cn/crates.io-index/)",
 "rdrand 0.4.0 (registry+https://mirrors.ustc.edu.cn/crates.io-index/)",
 "winapi 0.3.8 (registry+https://mirrors.ustc.edu.cn/crates.io-index/)",
]

[[package]]
name = "rand_core"
version = "0.3.1"
source = "registry+https://mirrors.ustc.edu.cn/crates.io-index/"
dependencies = [
 "rand_core 0.4.2 (registry+https://mirrors.ustc.edu.cn/crates.io-index/)",
]

[[package]]
name = "rand_core"
version = "0.4.2"
source = "registry+https://mirrors.ustc.edu.cn/crates.io-index/"

[[package]]
name = "rdrand"
version = "0.4.0"
source = "registry+https://mirrors.ustc.edu.cn/crates.io-index/"
dependencies = [
 "rand_core 0.3.1 (registry+https://mirrors.ustc.edu.cn/crates.io-index/)",
]

[[package]]
name = "redox_syscall"
version = "0.1.56"
source = "registry+https://mirrors.ustc.edu.cn/crates.io-index/"

[[package]]
name = "regex"
version = "1.3.4"
source = "registry+https://mirrors.ustc.edu.cn/crates.io-index/"
dependencies = [
 "aho-corasick 0.7.8 (registry+https://mirrors.ustc.edu.cn/crates.io-index/)",
 "memchr 2.3.2 (registry+https://mirrors.ustc.edu.cn/crates.io-index/)",
 "regex-syntax 0.6.14 (registry+https://mirrors.ustc.edu.cn/crates.io-index/)",
 "thread_local 1.0.1 (registry+https://mirrors.ustc.edu.cn/crates.io-index/)",
]

[[package]]
name = "regex-syntax"
version = "0.6.14"
source = "registry+https://mirrors.ustc.edu.cn/crates.io-index/"

[[package]]
name = "smallvec"
version = "0.6.13"
source = "registry+https://mirrors.ustc.edu.cn/crates.io-index/"
dependencies = [
 "maybe-uninit 2.0.0 (registry+https://mirrors.ustc.edu.cn/crates.io-index/)",
]

[[package]]
name = "thread-id"
version = "3.3.0"
source = "registry+https://mirrors.ustc.edu.cn/crates.io-index/"
dependencies = [
 "libc 0.2.66 (registry+https://mirrors.ustc.edu.cn/crates.io-index/)",
 "redox_syscall 0.1.56 (registry+https://mirrors.ustc.edu.cn/crates.io-index/)",
 "winapi 0.3.8 (registry+https://mirrors.ustc.edu.cn/crates.io-index/)",
]

[[package]]
name = "thread_local"
version = "1.0.1"
source = "registry+https://mirrors.ustc.edu.cn/crates.io-index/"
dependencies = [
 "lazy_static 1.4.0 (registry+https://mirrors.ustc.edu.cn/crates.io-index/)",
]

[[package]]
name = "winapi"
version = "0.3.8"
source = "registry+https://mirrors.ustc.edu.cn/crates.io-index/"
dependencies = [
 "winapi-i686-pc-windows-gnu 0.4.0 (registry+https://mirrors.ustc.edu.cn/crates.io-index/)",
 "winapi-x86_64-pc-windows-gnu 0.4.0 (registry+https://mirrors.ustc.edu.cn/crates.io-index/)",
]

[[package]]
name = "winapi-i686-pc-windows-gnu"
version = "0.4.0"
source = "registry+https://mirrors.ustc.edu.cn/crates.io-index/"

[[package]]
name = "winapi-x86_64-pc-windows-gnu"
version = "0.4.0"
source = "registry+https://mirrors.ustc.edu.cn/crates.io-index/"

[metadata]
"checksum aho-corasick 0.7.8 (registry+https://mirrors.ustc.edu.cn/crates.io-index/)" = "743ad5a418686aad3b87fd14c43badd828cf26e214a00f92a384291cf22e1811"
"checksum fuchsia-cprng 0.1.1 (registry+https://mirrors.ustc.edu.cn/crates.io-index/)" = "a06f77d526c1a601b7c4cdd98f54b5eaabffc14d5f2f0296febdc7f357c6d3ba"
"checksum lazy_static 1.4.0 (registry+https://mirrors.ustc.edu.cn/crates.io-index/)" = "e2abad23fbc42b3700f2f279844dc832adb2b2eb069b2df918f455c4e18cc646"
"checksum libc 0.2.66 (registry+https://mirrors.ustc.edu.cn/crates.io-index/)" = "d515b1f41455adea1313a4a2ac8a8a477634fbae63cc6100e3aebb207ce61558"
"checksum maybe-uninit 2.0.0 (registry+https://mirrors.ustc.edu.cn/crates.io-index/)" = "60302e4db3a61da70c0cb7991976248362f30319e88850c487b9b95bbf059e00"
"checksum memchr 2.3.2 (registry+https://mirrors.ustc.edu.cn/crates.io-index/)" = "53445de381a1f436797497c61d851644d0e8e88e6140f22872ad33a704933978"
"checksum owning_ref 0.2.4 (registry+https://mirrors.ustc.edu.cn/crates.io-index/)" = "9d52571ddcb42e9c900c901a18d8d67e393df723fcd51dd59c5b1a85d0acb6cc"
"checksum parking_lot 0.3.8 (registry+https://mirrors.ustc.edu.cn/crates.io-index/)" = "fa12d706797d42551663426a45e2db2e0364bd1dbf6aeada87e89c5f981f43e9"
"checksum parking_lot_core 0.2.14 (registry+https://mirrors.ustc.edu.cn/crates.io-index/)" = "4db1a8ccf734a7bce794cc19b3df06ed87ab2f3907036b693c68f56b4d4537fa"
"checksum rand 0.4.6 (registry+https://mirrors.ustc.edu.cn/crates.io-index/)" = "552840b97013b1a26992c11eac34bdd778e464601a4c2054b5f0bff7c6761293"
"checksum rand_core 0.3.1 (registry+https://mirrors.ustc.edu.cn/crates.io-index/)" = "7a6fdeb83b075e8266dcc8762c22776f6877a63111121f5f8c7411e5be7eed4b"
"checksum rand_core 0.4.2 (registry+https://mirrors.ustc.edu.cn/crates.io-index/)" = "9c33a3c44ca05fa6f1807d8e6743f3824e8509beca625669633be0acbdf509dc"
"checksum rdrand 0.4.0 (registry+https://mirrors.ustc.edu.cn/crates.io-index/)" = "678054eb77286b51581ba43620cc911abf02758c91f93f479767aed0f90458b2"
"checksum redox_syscall 0.1.56 (registry+https://mirrors.ustc.edu.cn/crates.io-index/)" = "2439c63f3f6139d1b57529d16bc3b8bb855230c8efcc5d3a896c8bea7c3b1e84"
"checksum regex 1.3.4 (registry+https://mirrors.ustc.edu.cn/crates.io-index/)" = "322cf97724bea3ee221b78fe25ac9c46114ebb51747ad5babd51a2fc6a8235a8"
"checksum regex-syntax 0.6.14 (registry+https://mirrors.ustc.edu.cn/crates.io-index/)" = "b28dfe3fe9badec5dbf0a79a9cccad2cfc2ab5484bdb3e44cbd1ae8b3ba2be06"
"checksum smallvec 0.6.13 (registry+https://mirrors.ustc.edu.cn/crates.io-index/)" = "f7b0758c52e15a8b5e3691eae6cc559f08eee9406e548a4477ba4e67770a82b6"
"checksum thread-id 3.3.0 (registry+https://mirrors.ustc.edu.cn/crates.io-index/)" = "c7fbf4c9d56b320106cd64fd024dadfa0be7cb4706725fc44a7d7ce952d820c1"
"checksum thread_local 1.0.1 (registry+https://mirrors.ustc.edu.cn/crates.io-index/)" = "d40c6d1b69745a6ec6fb1ca717914848da4b44ae29d9b3080cbee91d72a69b14"
"checksum winapi 0.3.8 (registry+https://mirrors.ustc.edu.cn/crates.io-index/)" = "8093091eeb260906a183e6ae1abdba2ef5ef2257a21801128899c3fc699229c6"
"checksum winapi-i686-pc-windows-gnu 0.4.0 (registry+https://mirrors.ustc.edu.cn/crates.io-index/)" = "ac3b87c63620426dd9b991e5ce0329eff545bccbbb34f3be09ff6fb6ab51b7b6"
"checksum winapi-x86_64-pc-windows-gnu 0.4.0 (registry+https://mirrors.ustc.edu.cn/crates.io-index/)" = "712e227841d057c1ee1cd2fb22fa7e5a5461ae8e48fa2ca79ec42cfc1931183f"
